
Microsoft Visual Studio Solution File, Format Version 12.00
# Visual Studio Version 16
VisualStudioVersion = 16.0.30320.27
MinimumVisualStudioVersion = 10.0.40219.1
Project("{FAE04EC0-301F-11D3-BF4B-00C04F79EFBC}") = "SOEE Import", "SOEE Import.csproj", "{13A4A89A-07AB-42FB-BB94-CA0EE519F624}"
EndProject
Global
	GlobalSection(SolutionConfigurationPlatforms) = preSolution
		Debug|Any CPU = Debug|Any CPU
		Release|Any CPU = Release|Any CPU
	EndGlobalSection
	GlobalSection(ProjectConfigurationPlatforms) = postSolution
		{13A4A89A-07AB-42FB-BB94-CA0EE519F624}.Debug|Any CPU.ActiveCfg = Debug|Any CPU
		{13A4A89A-07AB-42FB-BB94-CA0EE519F624}.Debug|Any CPU.Build.0 = Debug|Any CPU
		{13A4A89A-07AB-42FB-BB94-CA0EE519F624}.Release|Any CPU.ActiveCfg = Release|Any CPU
		{13A4A89A-07AB-42FB-BB94-CA0EE519F624}.Release|Any CPU.Build.0 = Release|Any CPU
	EndGlobalSection
	GlobalSection(SolutionProperties) = preSolution
		HideSolutionNode = FALSE
	EndGlobalSection
	GlobalSection(ExtensibilityGlobals) = postSolution
		SolutionGuid = {3E713E89-8B2F-4DBE-AB27-165F59CAE91E}
	EndGlobalSection
EndGlobal
